
Microsoft Visual Studio Solution File, Format Version 12.00
# Visual Studio Version 17
VisualStudioVersion = 17.0.31903.59
MinimumVisualStudioVersion = 10.0.40219.1
Project("{2150E333-8FDC-42A3-9474-1A3956D46DE8}") = "src", "src", "{827E0CD3-B72D-47B6-A68D-7590B98EB39B}"
EndProject
Project("{FAE04EC0-301F-11D3-BF4B-00C04F79EFBC}") = "Products.Domain", "src\Products.Domain\Products.Domain.csproj", "{D01BD4C9-C3F1-4EE8-BAA0-1A68D9C8616C}"
EndProject
Project("{FAE04EC0-301F-11D3-BF4B-00C04F79EFBC}") = "Products.Application", "src\Products.Application\Products.Application.csproj", "{DEF073AB-A08D-4C7B-B083-E8BD288A5C66}"
EndProject
Project("{FAE04EC0-301F-11D3-BF4B-00C04F79EFBC}") = "Products.Infrastructure", "src\Products.Infrastructure\Products.Infrastructure.csproj", "{4F5AFE04-4DD9-4256-862E-9BDA3AB2816D}"
EndProject
Project("{FAE04EC0-301F-11D3-BF4B-00C04F79EFBC}") = "Products.API", "src\Products.API\Products.API.csproj", "{C57AC5A1-9453-4A27-8A98-440B2950ED29}"
EndProject
Project("{2150E333-8FDC-42A3-9474-1A3956D46DE8}") = "tests", "tests", "{0AB3BF05-4346-4AA6-1389-037BE0695223}"
EndProject
Project("{FAE04EC0-301F-11D3-BF4B-00C04F79EFBC}") = "Products.UnitTests", "tests\Products.UnitTests\Products.UnitTests.csproj", "{9D701533-FCAC-4B5A-AEC6-B1651A90E398}"
EndProject
Project("{FAE04EC0-301F-11D3-BF4B-00C04F79EFBC}") = "Products.IntegrationTests", "tests\Products.IntegrationTests\Products.IntegrationTests.csproj", "{D6C4E927-FB1C-4543-A903-08100FDA3138}"
EndProject
Global
	GlobalSection(SolutionConfigurationPlatforms) = preSolution
		Debug|Any CPU = Debug|Any CPU
		Debug|x64 = Debug|x64
		Debug|x86 = Debug|x86
		Release|Any CPU = Release|Any CPU
		Release|x64 = Release|x64
		Release|x86 = Release|x86
	EndGlobalSection
	GlobalSection(ProjectConfigurationPlatforms) = postSolution
		{D01BD4C9-C3F1-4EE8-BAA0-1A68D9C8616C}.Debug|Any CPU.ActiveCfg = Debug|Any CPU
		{D01BD4C9-C3F1-4EE8-BAA0-1A68D9C8616C}.Debug|Any CPU.Build.0 = Debug|Any CPU
		{D01BD4C9-C3F1-4EE8-BAA0-1A68D9C8616C}.Debug|x64.ActiveCfg = Debug|Any CPU
		{D01BD4C9-C3F1-4EE8-BAA0-1A68D9C8616C}.Debug|x64.Build.0 = Debug|Any CPU
		{D01BD4C9-C3F1-4EE8-BAA0-1A68D9C8616C}.Debug|x86.ActiveCfg = Debug|Any CPU
		{D01BD4C9-C3F1-4EE8-BAA0-1A68D9C8616C}.Debug|x86.Build.0 = Debug|Any CPU
		{D01BD4C9-C3F1-4EE8-BAA0-1A68D9C8616C}.Release|Any CPU.ActiveCfg = Release|Any CPU
		{D01BD4C9-C3F1-4EE8-BAA0-1A68D9C8616C}.Release|Any CPU.Build.0 = Release|Any CPU
		{D01BD4C9-C3F1-4EE8-BAA0-1A68D9C8616C}.Release|x64.ActiveCfg = Release|Any CPU
		{D01BD4C9-C3F1-4EE8-BAA0-1A68D9C8616C}.Release|x64.Build.0 = Release|Any CPU
		{D01BD4C9-C3F1-4EE8-BAA0-1A68D9C8616C}.Release|x86.ActiveCfg = Release|Any CPU
		{D01BD4C9-C3F1-4EE8-BAA0-1A68D9C8616C}.Release|x86.Build.0 = Release|Any CPU
		{DEF073AB-A08D-4C7B-B083-E8BD288A5C66}.Debug|Any CPU.ActiveCfg = Debug|Any CPU
		{DEF073AB-A08D-4C7B-B083-E8BD288A5C66}.Debug|Any CPU.Build.0 = Debug|Any CPU
		{DEF073AB-A08D-4C7B-B083-E8BD288A5C66}.Debug|x64.ActiveCfg = Debug|Any CPU
		{DEF073AB-A08D-4C7B-B083-E8BD288A5C66}.Debug|x64.Build.0 = Debug|Any CPU
		{DEF073AB-A08D-4C7B-B083-E8BD288A5C66}.Debug|x86.ActiveCfg = Debug|Any CPU
		{DEF073AB-A08D-4C7B-B083-E8BD288A5C66}.Debug|x86.Build.0 = Debug|Any CPU
		{DEF073AB-A08D-4C7B-B083-E8BD288A5C66}.Release|Any CPU.ActiveCfg = Release|Any CPU
		{DEF073AB-A08D-4C7B-B083-E8BD288A5C66}.Release|Any CPU.Build.0 = Release|Any CPU
		{DEF073AB-A08D-4C7B-B083-E8BD288A5C66}.Release|x64.ActiveCfg = Release|Any CPU
		{DEF073AB-A08D-4C7B-B083-E8BD288A5C66}.Release|x64.Build.0 = Release|Any CPU
		{DEF073AB-A08D-4C7B-B083-E8BD288A5C66}.Release|x86.ActiveCfg = Release|Any CPU
		{DEF073AB-A08D-4C7B-B083-E8BD288A5C66}.Release|x86.Build.0 = Release|Any CPU
		{4F5AFE04-4DD9-4256-862E-9BDA3AB2816D}.Debug|Any CPU.ActiveCfg = Debug|Any CPU
		{4F5AFE04-4DD9-4256-862E-9BDA3AB2816D}.Debug|Any CPU.Build.0 = Debug|Any CPU
		{4F5AFE04-4DD9-4256-862E-9BDA3AB2816D}.Debug|x64.ActiveCfg = Debug|Any CPU
		{4F5AFE04-4DD9-4256-862E-9BDA3AB2816D}.Debug|x64.Build.0 = Debug|Any CPU
		{4F5AFE04-4DD9-4256-862E-9BDA3AB2816D}.Debug|x86.ActiveCfg = Debug|Any CPU
		{4F5AFE04-4DD9-4256-862E-9BDA3AB2816D}.Debug|x86.Build.0 = Debug|Any CPU
		{4F5AFE04-4DD9-4256-862E-9BDA3AB2816D}.Release|Any CPU.ActiveCfg = Release|Any CPU
		{4F5AFE04-4DD9-4256-862E-9BDA3AB2816D}.Release|Any CPU.Build.0 = Release|Any CPU
		{4F5AFE04-4DD9-4256-862E-9BDA3AB2816D}.Release|x64.ActiveCfg = Release|Any CPU
		{4F5AFE04-4DD9-4256-862E-9BDA3AB2816D}.Release|x64.Build.0 = Release|Any CPU
		{4F5AFE04-4DD9-4256-862E-9BDA3AB2816D}.Release|x86.ActiveCfg = Release|Any CPU
		{4F5AFE04-4DD9-4256-862E-9BDA3AB2816D}.Release|x86.Build.0 = Release|Any CPU
		{C57AC5A1-9453-4A27-8A98-440B2950ED29}.Debug|Any CPU.ActiveCfg = Debug|Any CPU
		{C57AC5A1-9453-4A27-8A98-440B2950ED29}.Debug|Any CPU.Build.0 = Debug|Any CPU
		{C57AC5A1-9453-4A27-8A98-440B2950ED29}.Debug|x64.ActiveCfg = Debug|Any CPU
		{C57AC5A1-9453-4A27-8A98-440B2950ED29}.Debug|x64.Build.0 = Debug|Any CPU
		{C57AC5A1-9453-4A27-8A98-440B2950ED29}.Debug|x86.ActiveCfg = Debug|Any CPU
		{C57AC5A1-9453-4A27-8A98-440B2950ED29}.Debug|x86.Build.0 = Debug|Any CPU
		{C57AC5A1-9453-4A27-8A98-440B2950ED29}.Release|Any CPU.ActiveCfg = Release|Any CPU
		{C57AC5A1-9453-4A27-8A98-440B2950ED29}.Release|Any CPU.Build.0 = Release|Any CPU
		{C57AC5A1-9453-4A27-8A98-440B2950ED29}.Release|x64.ActiveCfg = Release|Any CPU
		{C57AC5A1-9453-4A27-8A98-440B2950ED29}.Release|x64.Build.0 = Release|Any CPU
		{C57AC5A1-9453-4A27-8A98-440B2950ED29}.Release|x86.ActiveCfg = Release|Any CPU
		{C57AC5A1-9453-4A27-8A98-440B2950ED29}.Release|x86.Build.0 = Release|Any CPU
		{9D701533-FCAC-4B5A-AEC6-B1651A90E398}.Debug|Any CPU.ActiveCfg = Debug|Any CPU
		{9D701533-FCAC-4B5A-AEC6-B1651A90E398}.Debug|Any CPU.Build.0 = Debug|Any CPU
		{9D701533-FCAC-4B5A-AEC6-B1651A90E398}.Debug|x64.ActiveCfg = Debug|Any CPU
		{9D701533-FCAC-4B5A-AEC6-B1651A90E398}.Debug|x64.Build.0 = Debug|Any CPU
		{9D701533-FCAC-4B5A-AEC6-B1651A90E398}.Debug|x86.ActiveCfg = Debug|Any CPU
		{9D701533-FCAC-4B5A-AEC6-B1651A90E398}.Debug|x86.Build.0 = Debug|Any CPU
		{9D701533-FCAC-4B5A-AEC6-B1651A90E398}.Release|Any CPU.ActiveCfg = Release|Any CPU
		{9D701533-FCAC-4B5A-AEC6-B1651A90E398}.Release|Any CPU.Build.0 = Release|Any CPU
		{9D701533-FCAC-4B5A-AEC6-B1651A90E398}.Release|x64.ActiveCfg = Release|Any CPU
		{9D701533-FCAC-4B5A-AEC6-B1651A90E398}.Release|x64.Build.0 = Release|Any CPU
		{9D701533-FCAC-4B5A-AEC6-B1651A90E398}.Release|x86.ActiveCfg = Release|Any CPU
		{9D701533-FCAC-4B5A-AEC6-B1651A90E398}.Release|x86.Build.0 = Release|Any CPU
		{D6C4E927-FB1C-4543-A903-08100FDA3138}.Debug|Any CPU.ActiveCfg = Debug|Any CPU
		{D6C4E927-FB1C-4543-A903-08100FDA3138}.Debug|Any CPU.Build.0 = Debug|Any CPU
		{D6C4E927-FB1C-4543-A903-08100FDA3138}.Debug|x64.ActiveCfg = Debug|Any CPU
		{D6C4E927-FB1C-4543-A903-08100FDA3138}.Debug|x64.Build.0 = Debug|Any CPU
		{D6C4E927-FB1C-4543-A903-08100FDA3138}.Debug|x86.ActiveCfg = Debug|Any CPU
		{D6C4E927-FB1C-4543-A903-08100FDA3138}.Debug|x86.Build.0 = Debug|Any CPU
		{D6C4E927-FB1C-4543-A903-08100FDA3138}.Release|Any CPU.ActiveCfg = Release|Any CPU
		{D6C4E927-FB1C-4543-A903-08100FDA3138}.Release|Any CPU.Build.0 = Release|Any CPU
		{D6C4E927-FB1C-4543-A903-08100FDA3138}.Release|x64.ActiveCfg = Release|Any CPU
		{D6C4E927-FB1C-4543-A903-08100FDA3138}.Release|x64.Build.0 = Release|Any CPU
		{D6C4E927-FB1C-4543-A903-08100FDA3138}.Release|x86.ActiveCfg = Release|Any CPU
		{D6C4E927-FB1C-4543-A903-08100FDA3138}.Release|x86.Build.0 = Release|Any CPU
	EndGlobalSection
	GlobalSection(SolutionProperties) = preSolution
		HideSolutionNode = FALSE
	EndGlobalSection
	GlobalSection(NestedProjects) = preSolution
		{D01BD4C9-C3F1-4EE8-BAA0-1A68D9C8616C} = {827E0CD3-B72D-47B6-A68D-7590B98EB39B}
		{DEF073AB-A08D-4C7B-B083-E8BD288A5C66} = {827E0CD3-B72D-47B6-A68D-7590B98EB39B}
		{4F5AFE04-4DD9-4256-862E-9BDA3AB2816D} = {827E0CD3-B72D-47B6-A68D-7590B98EB39B}
		{C57AC5A1-9453-4A27-8A98-440B2950ED29} = {827E0CD3-B72D-47B6-A68D-7590B98EB39B}
		{9D701533-FCAC-4B5A-AEC6-B1651A90E398} = {0AB3BF05-4346-4AA6-1389-037BE0695223}
		{D6C4E927-FB1C-4543-A903-08100FDA3138} = {0AB3BF05-4346-4AA6-1389-037BE0695223}
	EndGlobalSection
EndGlobal
